
Microsoft Visual Studio Solution File, Format Version 12.00
# Visual Studio 15
VisualStudioVersion = 15.0.26430.6
MinimumVisualStudioVersion = 10.0.40219.1
Project("{2150E333-8FDC-42A3-9474-1A3956D46DE8}") = "core", "core", "{F584CEAA-B559-4585-A1B3-6CC3695371E4}"
EndProject
Project("{FAE04EC0-301F-11D3-BF4B-00C04F79EFBC}") = "DocModel.Core", "core\DocModel.Core\DocModel.Core.csproj", "{8C1DABF6-5B6F-43B4-B54E-789676BD9D13}"
EndProject
Project("{2150E333-8FDC-42A3-9474-1A3956D46DE8}") = "model", "model", "{227C7718-E0BC-4986-96DA-EF23BFD74FBD}"
EndProject
Project("{FAE04EC0-301F-11D3-BF4B-00C04F79EFBC}") = "DocModel.Json", "model\DocModel.Json\DocModel.Json.csproj", "{3B9A6EE3-14F1-4D1F-A2C5-1D2333A9479C}"
EndProject
Project("{FAE04EC0-301F-11D3-BF4B-00C04F79EFBC}") = "DocModel.Xml", "model\DocModel.Xml\DocModel.Xml.csproj", "{30186A45-D72D-437F-9031-6A5C41FB0F05}"
EndProject
Project("{2150E333-8FDC-42A3-9474-1A3956D46DE8}") = "store", "store", "{77646363-15EA-45CC-8E9A-2286BE651EDE}"
EndProject
Project("{FAE04EC0-301F-11D3-BF4B-00C04F79EFBC}") = "DocStore.Core", "core\DocStore.Core\DocStore.Core.csproj", "{6C428BF5-AC67-4A2C-A523-CB00F3759FD4}"
EndProject
Project("{FAE04EC0-301F-11D3-BF4B-00C04F79EFBC}") = "DocStore.MsSql", "store\DocStore.MsSql\DocStore.MsSql.csproj", "{2F7F0E14-B458-4A81-8309-62D9A22C5890}"
EndProject
Project("{FAE04EC0-301F-11D3-BF4B-00C04F79EFBC}") = "DocStore.IMS", "store\DocStore.IMS\DocStore.IMS.csproj", "{067CEA61-A993-4FCD-9880-D0565984A6B5}"
EndProject
Project("{FAE04EC0-301F-11D3-BF4B-00C04F79EFBC}") = "DocStore.DB2", "store\DocStore.DB2\DocStore.DB2.csproj", "{B2BE1DE7-56E2-4447-801E-EC7F625A0EB4}"
EndProject
Project("{2150E333-8FDC-42A3-9474-1A3956D46DE8}") = "test", "test", "{A55B2B90-6A5F-4296-9C1F-BF22575F33B6}"
EndProject
Project("{FAE04EC0-301F-11D3-BF4B-00C04F79EFBC}") = "DocStore.EF", "store\DocStore.EF\DocStore.EF.csproj", "{A75EFC38-80B8-4856-B130-6D261CF90949}"
EndProject
Project("{FAE04EC0-301F-11D3-BF4B-00C04F79EFBC}") = "DocStore.Censor", "store\DocStore.Censor\DocStore.Censor.csproj", "{43C4AF6E-BE93-4994-897A-C0B675F98EEE}"
EndProject
Project("{FAE04EC0-301F-11D3-BF4B-00C04F79EFBC}") = "DocModel.Censor", "model\DocModel.Censor\DocModel.Censor.csproj", "{471CD756-E211-450F-BB52-DBD7C924EAB4}"
EndProject
Global
	GlobalSection(SolutionConfigurationPlatforms) = preSolution
		Debug|Any CPU = Debug|Any CPU
		Release|Any CPU = Release|Any CPU
	EndGlobalSection
	GlobalSection(ProjectConfigurationPlatforms) = postSolution
		{8C1DABF6-5B6F-43B4-B54E-789676BD9D13}.Debug|Any CPU.ActiveCfg = Debug|Any CPU
		{8C1DABF6-5B6F-43B4-B54E-789676BD9D13}.Debug|Any CPU.Build.0 = Debug|Any CPU
		{8C1DABF6-5B6F-43B4-B54E-789676BD9D13}.Release|Any CPU.ActiveCfg = Release|Any CPU
		{8C1DABF6-5B6F-43B4-B54E-789676BD9D13}.Release|Any CPU.Build.0 = Release|Any CPU
		{3B9A6EE3-14F1-4D1F-A2C5-1D2333A9479C}.Debug|Any CPU.ActiveCfg = Debug|Any CPU
		{3B9A6EE3-14F1-4D1F-A2C5-1D2333A9479C}.Debug|Any CPU.Build.0 = Debug|Any CPU
		{3B9A6EE3-14F1-4D1F-A2C5-1D2333A9479C}.Release|Any CPU.ActiveCfg = Release|Any CPU
		{3B9A6EE3-14F1-4D1F-A2C5-1D2333A9479C}.Release|Any CPU.Build.0 = Release|Any CPU
		{30186A45-D72D-437F-9031-6A5C41FB0F05}.Debug|Any CPU.ActiveCfg = Debug|Any CPU
		{30186A45-D72D-437F-9031-6A5C41FB0F05}.Debug|Any CPU.Build.0 = Debug|Any CPU
		{30186A45-D72D-437F-9031-6A5C41FB0F05}.Release|Any CPU.ActiveCfg = Release|Any CPU
		{30186A45-D72D-437F-9031-6A5C41FB0F05}.Release|Any CPU.Build.0 = Release|Any CPU
		{6C428BF5-AC67-4A2C-A523-CB00F3759FD4}.Debug|Any CPU.ActiveCfg = Debug|Any CPU
		{6C428BF5-AC67-4A2C-A523-CB00F3759FD4}.Debug|Any CPU.Build.0 = Debug|Any CPU
		{6C428BF5-AC67-4A2C-A523-CB00F3759FD4}.Release|Any CPU.ActiveCfg = Release|Any CPU
		{6C428BF5-AC67-4A2C-A523-CB00F3759FD4}.Release|Any CPU.Build.0 = Release|Any CPU
		{2F7F0E14-B458-4A81-8309-62D9A22C5890}.Debug|Any CPU.ActiveCfg = Debug|Any CPU
		{2F7F0E14-B458-4A81-8309-62D9A22C5890}.Debug|Any CPU.Build.0 = Debug|Any CPU
		{2F7F0E14-B458-4A81-8309-62D9A22C5890}.Release|Any CPU.ActiveCfg = Release|Any CPU
		{2F7F0E14-B458-4A81-8309-62D9A22C5890}.Release|Any CPU.Build.0 = Release|Any CPU
		{067CEA61-A993-4FCD-9880-D0565984A6B5}.Debug|Any CPU.ActiveCfg = Debug|Any CPU
		{067CEA61-A993-4FCD-9880-D0565984A6B5}.Debug|Any CPU.Build.0 = Debug|Any CPU
		{067CEA61-A993-4FCD-9880-D0565984A6B5}.Release|Any CPU.ActiveCfg = Release|Any CPU
		{067CEA61-A993-4FCD-9880-D0565984A6B5}.Release|Any CPU.Build.0 = Release|Any CPU
		{B2BE1DE7-56E2-4447-801E-EC7F625A0EB4}.Debug|Any CPU.ActiveCfg = Debug|Any CPU
		{B2BE1DE7-56E2-4447-801E-EC7F625A0EB4}.Debug|Any CPU.Build.0 = Debug|Any CPU
		{B2BE1DE7-56E2-4447-801E-EC7F625A0EB4}.Release|Any CPU.ActiveCfg = Release|Any CPU
		{B2BE1DE7-56E2-4447-801E-EC7F625A0EB4}.Release|Any CPU.Build.0 = Release|Any CPU
		{A75EFC38-80B8-4856-B130-6D261CF90949}.Debug|Any CPU.ActiveCfg = Debug|Any CPU
		{A75EFC38-80B8-4856-B130-6D261CF90949}.Debug|Any CPU.Build.0 = Debug|Any CPU
		{A75EFC38-80B8-4856-B130-6D261CF90949}.Release|Any CPU.ActiveCfg = Release|Any CPU
		{A75EFC38-80B8-4856-B130-6D261CF90949}.Release|Any CPU.Build.0 = Release|Any CPU
		{43C4AF6E-BE93-4994-897A-C0B675F98EEE}.Debug|Any CPU.ActiveCfg = Debug|Any CPU
		{43C4AF6E-BE93-4994-897A-C0B675F98EEE}.Debug|Any CPU.Build.0 = Debug|Any CPU
		{43C4AF6E-BE93-4994-897A-C0B675F98EEE}.Release|Any CPU.ActiveCfg = Release|Any CPU
		{43C4AF6E-BE93-4994-897A-C0B675F98EEE}.Release|Any CPU.Build.0 = Release|Any CPU
		{471CD756-E211-450F-BB52-DBD7C924EAB4}.Debug|Any CPU.ActiveCfg = Debug|Any CPU
		{471CD756-E211-450F-BB52-DBD7C924EAB4}.Debug|Any CPU.Build.0 = Debug|Any CPU
		{471CD756-E211-450F-BB52-DBD7C924EAB4}.Release|Any CPU.ActiveCfg = Release|Any CPU
		{471CD756-E211-450F-BB52-DBD7C924EAB4}.Release|Any CPU.Build.0 = Release|Any CPU
	EndGlobalSection
	GlobalSection(SolutionProperties) = preSolution
		HideSolutionNode = FALSE
	EndGlobalSection
	GlobalSection(NestedProjects) = preSolution
		{8C1DABF6-5B6F-43B4-B54E-789676BD9D13} = {F584CEAA-B559-4585-A1B3-6CC3695371E4}
		{3B9A6EE3-14F1-4D1F-A2C5-1D2333A9479C} = {227C7718-E0BC-4986-96DA-EF23BFD74FBD}
		{30186A45-D72D-437F-9031-6A5C41FB0F05} = {227C7718-E0BC-4986-96DA-EF23BFD74FBD}
		{6C428BF5-AC67-4A2C-A523-CB00F3759FD4} = {F584CEAA-B559-4585-A1B3-6CC3695371E4}
		{2F7F0E14-B458-4A81-8309-62D9A22C5890} = {77646363-15EA-45CC-8E9A-2286BE651EDE}
		{067CEA61-A993-4FCD-9880-D0565984A6B5} = {77646363-15EA-45CC-8E9A-2286BE651EDE}
		{B2BE1DE7-56E2-4447-801E-EC7F625A0EB4} = {77646363-15EA-45CC-8E9A-2286BE651EDE}
		{A75EFC38-80B8-4856-B130-6D261CF90949} = {77646363-15EA-45CC-8E9A-2286BE651EDE}
		{43C4AF6E-BE93-4994-897A-C0B675F98EEE} = {77646363-15EA-45CC-8E9A-2286BE651EDE}
		{471CD756-E211-450F-BB52-DBD7C924EAB4} = {227C7718-E0BC-4986-96DA-EF23BFD74FBD}
	EndGlobalSection
EndGlobal
