
Microsoft Visual Studio Solution File, Format Version 12.00
# Visual Studio 15
VisualStudioVersion = 15.0.26730.12
MinimumVisualStudioVersion = 10.0.40219.1
Project("{2150E333-8FDC-42A3-9474-1A3956D46DE8}") = "core", "core", "{F584CEAA-B559-4585-A1B3-6CC3695371E4}"
EndProject
Project("{2150E333-8FDC-42A3-9474-1A3956D46DE8}") = "model", "model", "{227C7718-E0BC-4986-96DA-EF23BFD74FBD}"
EndProject
Project("{2150E333-8FDC-42A3-9474-1A3956D46DE8}") = "test", "test", "{A55B2B90-6A5F-4296-9C1F-BF22575F33B6}"
EndProject
Project("{FAE04EC0-301F-11D3-BF4B-00C04F79EFBC}") = "Doc.Core", "core\Doc.Core\Doc.Core.csproj", "{B5125A9C-24F7-4DF9-AC2E-C7EB82431C60}"
EndProject
Project("{FAE04EC0-301F-11D3-BF4B-00C04F79EFBC}") = "Doc.X", "model\Doc.X\Doc.X.csproj", "{47FAF7EE-A558-40F1-B1A6-D0878AEFA26B}"
EndProject
Project("{FAE04EC0-301F-11D3-BF4B-00C04F79EFBC}") = "Doc.J", "model\Doc.J\Doc.J.csproj", "{300407CD-1A8E-4C15-9C33-FA47883092DC}"
EndProject
Global
	GlobalSection(SolutionConfigurationPlatforms) = preSolution
		Debug|Any CPU = Debug|Any CPU
		Release|Any CPU = Release|Any CPU
	EndGlobalSection
	GlobalSection(ProjectConfigurationPlatforms) = postSolution
		{B5125A9C-24F7-4DF9-AC2E-C7EB82431C60}.Debug|Any CPU.ActiveCfg = Debug|Any CPU
		{B5125A9C-24F7-4DF9-AC2E-C7EB82431C60}.Debug|Any CPU.Build.0 = Debug|Any CPU
		{B5125A9C-24F7-4DF9-AC2E-C7EB82431C60}.Release|Any CPU.ActiveCfg = Release|Any CPU
		{B5125A9C-24F7-4DF9-AC2E-C7EB82431C60}.Release|Any CPU.Build.0 = Release|Any CPU
		{47FAF7EE-A558-40F1-B1A6-D0878AEFA26B}.Debug|Any CPU.ActiveCfg = Debug|Any CPU
		{47FAF7EE-A558-40F1-B1A6-D0878AEFA26B}.Debug|Any CPU.Build.0 = Debug|Any CPU
		{47FAF7EE-A558-40F1-B1A6-D0878AEFA26B}.Release|Any CPU.ActiveCfg = Release|Any CPU
		{47FAF7EE-A558-40F1-B1A6-D0878AEFA26B}.Release|Any CPU.Build.0 = Release|Any CPU
		{300407CD-1A8E-4C15-9C33-FA47883092DC}.Debug|Any CPU.ActiveCfg = Debug|Any CPU
		{300407CD-1A8E-4C15-9C33-FA47883092DC}.Debug|Any CPU.Build.0 = Debug|Any CPU
		{300407CD-1A8E-4C15-9C33-FA47883092DC}.Release|Any CPU.ActiveCfg = Release|Any CPU
		{300407CD-1A8E-4C15-9C33-FA47883092DC}.Release|Any CPU.Build.0 = Release|Any CPU
	EndGlobalSection
	GlobalSection(SolutionProperties) = preSolution
		HideSolutionNode = FALSE
	EndGlobalSection
	GlobalSection(NestedProjects) = preSolution
		{B5125A9C-24F7-4DF9-AC2E-C7EB82431C60} = {F584CEAA-B559-4585-A1B3-6CC3695371E4}
		{47FAF7EE-A558-40F1-B1A6-D0878AEFA26B} = {227C7718-E0BC-4986-96DA-EF23BFD74FBD}
		{300407CD-1A8E-4C15-9C33-FA47883092DC} = {227C7718-E0BC-4986-96DA-EF23BFD74FBD}
	EndGlobalSection
	GlobalSection(ExtensibilityGlobals) = postSolution
		SolutionGuid = {5651E97E-4C32-4F89-9F39-6AE12C5A530C}
	EndGlobalSection
EndGlobal
